{
  "originHash" : "073dc54f92d1a23dd627aa68a2c8370a61caea1dd9103e8fef8e5257de8b5901",
  "pins" : [
    {
      "identity" : "phoros",
      "kind" : "remoteSourceControl",
      "location" : "https://github.com/kevinerikjs/phoros.git",
      "state" : {
        "revision" : "c18bd326977ff5c0084398e1da66a60082deaee0",
        "version" : "1.2.0"
      }
    },
    {
      "identity" : "posthog-ios",
      "kind" : "remoteSourceControl",
      "location" : "https://github.com/PostHog/posthog-ios",
      "state" : {
        "revision" : "cf500fb88839a1095d165b6ddc90eb002f75fec7",
        "version" : "3.78.1"
      }
    }
  ],
  "version" : 3
}
