{
  "originHash" : "073dc54f92d1a23dd627aa68a2c8370a61caea1dd9103e8fef8e5257de8b5901",
  "pins" : [
    {
      "identity" : "phoros",
      "kind" : "remoteSourceControl",
      "location" : "https://github.com/kevinerikjs/phoros.git",
      "state" : {
        "revision" : "9e1765c79cd1500b0903991394969f9bb94191e2",
        "version" : "1.4.0-beta.4"
      }
    },
    {
      "identity" : "posthog-ios",
      "kind" : "remoteSourceControl",
      "location" : "https://github.com/PostHog/posthog-ios",
      "state" : {
        "revision" : "cf500fb88839a1095d165b6ddc90eb002f75fec7",
        "version" : "3.78.1"
      }
    }
  ],
  "version" : 3
}
